
Microsoft Visual Studio Solution File, Format Version 12.00
# Visual Studio 15
VisualStudioVersion = 15.0.26124.0
MinimumVisualStudioVersion = 15.0.26124.0
Project("{FAE04EC0-301F-11D3-BF4B-00C04F79EFBC}") = "Application", "Api.Application\Application.csproj", "{D7B6F2FA-4E7F-4E75-9A2D-D2207DF99588}"
EndProject
Project("{FAE04EC0-301F-11D3-BF4B-00C04F79EFBC}") = "Domain", "Api.Domain\Domain.csproj", "{92C0BF1C-34E4-44D7-8E92-9664F468D746}"
EndProject
Project("{FAE04EC0-301F-11D3-BF4B-00C04F79EFBC}") = "CrossCutting", "Api.CrossCutting\CrossCutting.csproj", "{D3AD24C7-6724-4947-91F5-7558AEF7D027}"
EndProject
Project("{FAE04EC0-301F-11D3-BF4B-00C04F79EFBC}") = "Data", "Api.Data\Data.csproj", "{29DAF5B3-F57B-4307-9019-839EF1131A9E}"
EndProject
Project("{FAE04EC0-301F-11D3-BF4B-00C04F79EFBC}") = "Service", "Api.Service\Service.csproj", "{AFF04766-851D-4985-860E-B0F933107F2B}"
EndProject
Project("{FAE04EC0-301F-11D3-BF4B-00C04F79EFBC}") = "Api.Data.Test", "Api.Data.Test\Api.Data.Test.csproj", "{49B5DF94-6C7E-43DA-B647-49AC4540B1F4}"
EndProject
Project("{FAE04EC0-301F-11D3-BF4B-00C04F79EFBC}") = "Api.Service.Test", "Api.Service.Test\Api.Service.Test.csproj", "{7631E543-0E70-47A3-91B4-409EAE53C62A}"
EndProject
Project("{FAE04EC0-301F-11D3-BF4B-00C04F79EFBC}") = "Api.Application.Test", "Api.Application.Test\Api.Application.Test.csproj", "{72764DC8-38DE-496C-993E-89A416453093}"
EndProject
Project("{FAE04EC0-301F-11D3-BF4B-00C04F79EFBC}") = "Api.Integration.Test", "Api.Integration.Test\Api.Integration.Test.csproj", "{A8988B89-2337-4A2F-A7E2-30B4F256107D}"
EndProject
Global
	GlobalSection(SolutionConfigurationPlatforms) = preSolution
		Debug|Any CPU = Debug|Any CPU
		Debug|x64 = Debug|x64
		Debug|x86 = Debug|x86
		Release|Any CPU = Release|Any CPU
		Release|x64 = Release|x64
		Release|x86 = Release|x86
	EndGlobalSection
	GlobalSection(SolutionProperties) = preSolution
		HideSolutionNode = FALSE
	EndGlobalSection
	GlobalSection(ProjectConfigurationPlatforms) = postSolution
		{D7B6F2FA-4E7F-4E75-9A2D-D2207DF99588}.Debug|Any CPU.ActiveCfg = Debug|Any CPU
		{D7B6F2FA-4E7F-4E75-9A2D-D2207DF99588}.Debug|Any CPU.Build.0 = Debug|Any CPU
		{D7B6F2FA-4E7F-4E75-9A2D-D2207DF99588}.Debug|x64.ActiveCfg = Debug|Any CPU
		{D7B6F2FA-4E7F-4E75-9A2D-D2207DF99588}.Debug|x64.Build.0 = Debug|Any CPU
		{D7B6F2FA-4E7F-4E75-9A2D-D2207DF99588}.Debug|x86.ActiveCfg = Debug|Any CPU
		{D7B6F2FA-4E7F-4E75-9A2D-D2207DF99588}.Debug|x86.Build.0 = Debug|Any CPU
		{D7B6F2FA-4E7F-4E75-9A2D-D2207DF99588}.Release|Any CPU.ActiveCfg = Release|Any CPU
		{D7B6F2FA-4E7F-4E75-9A2D-D2207DF99588}.Release|Any CPU.Build.0 = Release|Any CPU
		{D7B6F2FA-4E7F-4E75-9A2D-D2207DF99588}.Release|x64.ActiveCfg = Release|Any CPU
		{D7B6F2FA-4E7F-4E75-9A2D-D2207DF99588}.Release|x64.Build.0 = Release|Any CPU
		{D7B6F2FA-4E7F-4E75-9A2D-D2207DF99588}.Release|x86.ActiveCfg = Release|Any CPU
		{D7B6F2FA-4E7F-4E75-9A2D-D2207DF99588}.Release|x86.Build.0 = Release|Any CPU
		{92C0BF1C-34E4-44D7-8E92-9664F468D746}.Debug|Any CPU.ActiveCfg = Debug|Any CPU
		{92C0BF1C-34E4-44D7-8E92-9664F468D746}.Debug|Any CPU.Build.0 = Debug|Any CPU
		{92C0BF1C-34E4-44D7-8E92-9664F468D746}.Debug|x64.ActiveCfg = Debug|Any CPU
		{92C0BF1C-34E4-44D7-8E92-9664F468D746}.Debug|x64.Build.0 = Debug|Any CPU
		{92C0BF1C-34E4-44D7-8E92-9664F468D746}.Debug|x86.ActiveCfg = Debug|Any CPU
		{92C0BF1C-34E4-44D7-8E92-9664F468D746}.Debug|x86.Build.0 = Debug|Any CPU
		{92C0BF1C-34E4-44D7-8E92-9664F468D746}.Release|Any CPU.ActiveCfg = Release|Any CPU
		{92C0BF1C-34E4-44D7-8E92-9664F468D746}.Release|Any CPU.Build.0 = Release|Any CPU
		{92C0BF1C-34E4-44D7-8E92-9664F468D746}.Release|x64.ActiveCfg = Release|Any CPU
		{92C0BF1C-34E4-44D7-8E92-9664F468D746}.Release|x64.Build.0 = Release|Any CPU
		{92C0BF1C-34E4-44D7-8E92-9664F468D746}.Release|x86.ActiveCfg = Release|Any CPU
		{92C0BF1C-34E4-44D7-8E92-9664F468D746}.Release|x86.Build.0 = Release|Any CPU
		{D3AD24C7-6724-4947-91F5-7558AEF7D027}.Debug|Any CPU.ActiveCfg = Debug|Any CPU
		{D3AD24C7-6724-4947-91F5-7558AEF7D027}.Debug|Any CPU.Build.0 = Debug|Any CPU
		{D3AD24C7-6724-4947-91F5-7558AEF7D027}.Debug|x64.ActiveCfg = Debug|Any CPU
		{D3AD24C7-6724-4947-91F5-7558AEF7D027}.Debug|x64.Build.0 = Debug|Any CPU
		{D3AD24C7-6724-4947-91F5-7558AEF7D027}.Debug|x86.ActiveCfg = Debug|Any CPU
		{D3AD24C7-6724-4947-91F5-7558AEF7D027}.Debug|x86.Build.0 = Debug|Any CPU
		{D3AD24C7-6724-4947-91F5-7558AEF7D027}.Release|Any CPU.ActiveCfg = Release|Any CPU
		{D3AD24C7-6724-4947-91F5-7558AEF7D027}.Release|Any CPU.Build.0 = Release|Any CPU
		{D3AD24C7-6724-4947-91F5-7558AEF7D027}.Release|x64.ActiveCfg = Release|Any CPU
		{D3AD24C7-6724-4947-91F5-7558AEF7D027}.Release|x64.Build.0 = Release|Any CPU
		{D3AD24C7-6724-4947-91F5-7558AEF7D027}.Release|x86.ActiveCfg = Release|Any CPU
		{D3AD24C7-6724-4947-91F5-7558AEF7D027}.Release|x86.Build.0 = Release|Any CPU
		{29DAF5B3-F57B-4307-9019-839EF1131A9E}.Debug|Any CPU.ActiveCfg = Debug|Any CPU
		{29DAF5B3-F57B-4307-9019-839EF1131A9E}.Debug|Any CPU.Build.0 = Debug|Any CPU
		{29DAF5B3-F57B-4307-9019-839EF1131A9E}.Debug|x64.ActiveCfg = Debug|Any CPU
		{29DAF5B3-F57B-4307-9019-839EF1131A9E}.Debug|x64.Build.0 = Debug|Any CPU
		{29DAF5B3-F57B-4307-9019-839EF1131A9E}.Debug|x86.ActiveCfg = Debug|Any CPU
		{29DAF5B3-F57B-4307-9019-839EF1131A9E}.Debug|x86.Build.0 = Debug|Any CPU
		{29DAF5B3-F57B-4307-9019-839EF1131A9E}.Release|Any CPU.ActiveCfg = Release|Any CPU
		{29DAF5B3-F57B-4307-9019-839EF1131A9E}.Release|Any CPU.Build.0 = Release|Any CPU
		{29DAF5B3-F57B-4307-9019-839EF1131A9E}.Release|x64.ActiveCfg = Release|Any CPU
		{29DAF5B3-F57B-4307-9019-839EF1131A9E}.Release|x64.Build.0 = Release|Any CPU
		{29DAF5B3-F57B-4307-9019-839EF1131A9E}.Release|x86.ActiveCfg = Release|Any CPU
		{29DAF5B3-F57B-4307-9019-839EF1131A9E}.Release|x86.Build.0 = Release|Any CPU
		{AFF04766-851D-4985-860E-B0F933107F2B}.Debug|Any CPU.ActiveCfg = Debug|Any CPU
		{AFF04766-851D-4985-860E-B0F933107F2B}.Debug|Any CPU.Build.0 = Debug|Any CPU
		{AFF04766-851D-4985-860E-B0F933107F2B}.Debug|x64.ActiveCfg = Debug|Any CPU
		{AFF04766-851D-4985-860E-B0F933107F2B}.Debug|x64.Build.0 = Debug|Any CPU
		{AFF04766-851D-4985-860E-B0F933107F2B}.Debug|x86.ActiveCfg = Debug|Any CPU
		{AFF04766-851D-4985-860E-B0F933107F2B}.Debug|x86.Build.0 = Debug|Any CPU
		{AFF04766-851D-4985-860E-B0F933107F2B}.Release|Any CPU.ActiveCfg = Release|Any CPU
		{AFF04766-851D-4985-860E-B0F933107F2B}.Release|Any CPU.Build.0 = Release|Any CPU
		{AFF04766-851D-4985-860E-B0F933107F2B}.Release|x64.ActiveCfg = Release|Any CPU
		{AFF04766-851D-4985-860E-B0F933107F2B}.Release|x64.Build.0 = Release|Any CPU
		{AFF04766-851D-4985-860E-B0F933107F2B}.Release|x86.ActiveCfg = Release|Any CPU
		{AFF04766-851D-4985-860E-B0F933107F2B}.Release|x86.Build.0 = Release|Any CPU
		{49B5DF94-6C7E-43DA-B647-49AC4540B1F4}.Debug|Any CPU.ActiveCfg = Debug|Any CPU
		{49B5DF94-6C7E-43DA-B647-49AC4540B1F4}.Debug|Any CPU.Build.0 = Debug|Any CPU
		{49B5DF94-6C7E-43DA-B647-49AC4540B1F4}.Debug|x64.ActiveCfg = Debug|Any CPU
		{49B5DF94-6C7E-43DA-B647-49AC4540B1F4}.Debug|x64.Build.0 = Debug|Any CPU
		{49B5DF94-6C7E-43DA-B647-49AC4540B1F4}.Debug|x86.ActiveCfg = Debug|Any CPU
		{49B5DF94-6C7E-43DA-B647-49AC4540B1F4}.Debug|x86.Build.0 = Debug|Any CPU
		{49B5DF94-6C7E-43DA-B647-49AC4540B1F4}.Release|Any CPU.ActiveCfg = Release|Any CPU
		{49B5DF94-6C7E-43DA-B647-49AC4540B1F4}.Release|Any CPU.Build.0 = Release|Any CPU
		{49B5DF94-6C7E-43DA-B647-49AC4540B1F4}.Release|x64.ActiveCfg = Release|Any CPU
		{49B5DF94-6C7E-43DA-B647-49AC4540B1F4}.Release|x64.Build.0 = Release|Any CPU
		{49B5DF94-6C7E-43DA-B647-49AC4540B1F4}.Release|x86.ActiveCfg = Release|Any CPU
		{49B5DF94-6C7E-43DA-B647-49AC4540B1F4}.Release|x86.Build.0 = Release|Any CPU
		{7631E543-0E70-47A3-91B4-409EAE53C62A}.Debug|Any CPU.ActiveCfg = Debug|Any CPU
		{7631E543-0E70-47A3-91B4-409EAE53C62A}.Debug|Any CPU.Build.0 = Debug|Any CPU
		{7631E543-0E70-47A3-91B4-409EAE53C62A}.Debug|x64.ActiveCfg = Debug|Any CPU
		{7631E543-0E70-47A3-91B4-409EAE53C62A}.Debug|x64.Build.0 = Debug|Any CPU
		{7631E543-0E70-47A3-91B4-409EAE53C62A}.Debug|x86.ActiveCfg = Debug|Any CPU
		{7631E543-0E70-47A3-91B4-409EAE53C62A}.Debug|x86.Build.0 = Debug|Any CPU
		{7631E543-0E70-47A3-91B4-409EAE53C62A}.Release|Any CPU.ActiveCfg = Release|Any CPU
		{7631E543-0E70-47A3-91B4-409EAE53C62A}.Release|Any CPU.Build.0 = Release|Any CPU
		{7631E543-0E70-47A3-91B4-409EAE53C62A}.Release|x64.ActiveCfg = Release|Any CPU
		{7631E543-0E70-47A3-91B4-409EAE53C62A}.Release|x64.Build.0 = Release|Any CPU
		{7631E543-0E70-47A3-91B4-409EAE53C62A}.Release|x86.ActiveCfg = Release|Any CPU
		{7631E543-0E70-47A3-91B4-409EAE53C62A}.Release|x86.Build.0 = Release|Any CPU
		{72764DC8-38DE-496C-993E-89A416453093}.Debug|Any CPU.ActiveCfg = Debug|Any CPU
		{72764DC8-38DE-496C-993E-89A416453093}.Debug|Any CPU.Build.0 = Debug|Any CPU
		{72764DC8-38DE-496C-993E-89A416453093}.Debug|x64.ActiveCfg = Debug|Any CPU
		{72764DC8-38DE-496C-993E-89A416453093}.Debug|x64.Build.0 = Debug|Any CPU
		{72764DC8-38DE-496C-993E-89A416453093}.Debug|x86.ActiveCfg = Debug|Any CPU
		{72764DC8-38DE-496C-993E-89A416453093}.Debug|x86.Build.0 = Debug|Any CPU
		{72764DC8-38DE-496C-993E-89A416453093}.Release|Any CPU.ActiveCfg = Release|Any CPU
		{72764DC8-38DE-496C-993E-89A416453093}.Release|Any CPU.Build.0 = Release|Any CPU
		{72764DC8-38DE-496C-993E-89A416453093}.Release|x64.ActiveCfg = Release|Any CPU
		{72764DC8-38DE-496C-993E-89A416453093}.Release|x64.Build.0 = Release|Any CPU
		{72764DC8-38DE-496C-993E-89A416453093}.Release|x86.ActiveCfg = Release|Any CPU
		{72764DC8-38DE-496C-993E-89A416453093}.Release|x86.Build.0 = Release|Any CPU
		{A8988B89-2337-4A2F-A7E2-30B4F256107D}.Debug|Any CPU.ActiveCfg = Debug|Any CPU
		{A8988B89-2337-4A2F-A7E2-30B4F256107D}.Debug|Any CPU.Build.0 = Debug|Any CPU
		{A8988B89-2337-4A2F-A7E2-30B4F256107D}.Debug|x64.ActiveCfg = Debug|Any CPU
		{A8988B89-2337-4A2F-A7E2-30B4F256107D}.Debug|x64.Build.0 = Debug|Any CPU
		{A8988B89-2337-4A2F-A7E2-30B4F256107D}.Debug|x86.ActiveCfg = Debug|Any CPU
		{A8988B89-2337-4A2F-A7E2-30B4F256107D}.Debug|x86.Build.0 = Debug|Any CPU
		{A8988B89-2337-4A2F-A7E2-30B4F256107D}.Release|Any CPU.ActiveCfg = Release|Any CPU
		{A8988B89-2337-4A2F-A7E2-30B4F256107D}.Release|Any CPU.Build.0 = Release|Any CPU
		{A8988B89-2337-4A2F-A7E2-30B4F256107D}.Release|x64.ActiveCfg = Release|Any CPU
		{A8988B89-2337-4A2F-A7E2-30B4F256107D}.Release|x64.Build.0 = Release|Any CPU
		{A8988B89-2337-4A2F-A7E2-30B4F256107D}.Release|x86.ActiveCfg = Release|Any CPU
		{A8988B89-2337-4A2F-A7E2-30B4F256107D}.Release|x86.Build.0 = Release|Any CPU
	EndGlobalSection
EndGlobal
